{
  "requires": true,
  "lockfileVersion": 1,
  "dependencies": {
    "cos-wx-sdk-v5": {
      "version": "0.7.7",
      "resolved": "https://registry.npm.taobao.org/cos-wx-sdk-v5/download/cos-wx-sdk-v5-0.7.7.tgz",
      "integrity": "sha1-lRx47JGCcjOzBpfw/cb3LCmwABU=",
      "requires": {
        "xmldom": "^0.1.27"
      }
    },
    "uni-simple-router": {
      "version": "1.3.5",
      "resolved": "https://registry.npm.taobao.org/uni-simple-router/download/uni-simple-router-1.3.5.tgz",
      "integrity": "sha1-/xpJnqPnEVlsIttaUCOHWISPT4U="
    },
    "xmldom": {
      "version": "0.1.27",
      "resolved": "https://registry.npm.taobao.org/xmldom/download/xmldom-0.1.27.tgz",
      "integrity": "sha1-1QH5ezvbQDr4757MIFcxh6rawOk="
    }
  }
}
